{
  "sources": {
    "build-essential": {
      "locked_version": "1.4.2",
      "git": "https://github.com/opscode-cookbooks/build-essential",
      "ref": "7f4d351036f10e7b641e1df137390491d6111669"
    },
    "sudo": {
      "locked_version": "2.3.1",
      "git": "https://github.com/opscode-cookbooks/sudo.git",
      "ref": "84d6b4b758b107623a15312ef439c39e3e6d18a7"
    },
    "chef-basic-security": {
      "locked_version": "0.0.1",
      "git": "git@github.com:dreamsweb/chef-basic_security.git",
      "ref": "76afc1b884a53f1f1dae45b0c8f1ef21135e5e63"
    },
    "look-and-feel-tlq": {
      "locked_version": "0.0.1",
      "git": "git@github.com:TalkingQuickly/look_and_feel-tlq.git",
      "ref": "bf3b58e4233af1455a615f66a61cd104d43415b6"
    },
    "users": {
      "locked_version": "1.6.1",
      "git": "https://github.com/opscode-cookbooks/users.git",
      "ref": "d5a1a741e15b56c770a037f341495e29ac753e1b"
    },
    "chef-solo-search": {
      "locked_version": "0.5.1",
      "git": "https://github.com/edelight/chef-solo-search",
      "ref": "63d6d016be9df48c3692dfd5b1e51820b2a3ac54"
    },
    "chef-newrelic": {
      "locked_version": "0.0.1",
      "git": "git@github.com:dreamsweb/chef-newrelic.git",
      "ref": "b1eb31e233a40e3be69660ad862a2c68f509049e"
    },
    "memcached-tlq": {
      "locked_version": "0.0.2",
      "git": "git@github.com:TalkingQuickly/memcached-tlq.git",
      "ref": "8ac6e2c68c32f79efcc4c19c7099b7db72ab158d"
    },
    "mongo-tlq": {
      "locked_version": "0.0.3",
      "git": "git@github.com:TalkingQuickly/mongo-tlq.git",
      "ref": "11736b711346d8d23f7f520d48a56b480e707e94"
    },
    "redis-tlq": {
      "locked_version": "0.0.6",
      "git": "git@github.com:TalkingQuickly/redis-tlq.git",
      "ref": "0fd9ee3dcc7bd01f37e2e057b146595a7849e6aa"
    },
    "rails_gem_dependencies-tlq": {
      "locked_version": "0.0.1",
      "git": "git@github.com:TalkingQuickly/rails_gem_dependencies-tlq.git",
      "ref": "213f5d2ecf1be5d0778414164e84d29166443f44"
    },
    "chef-nginx": {
      "locked_version": "0.0.4",
      "git": "git@github.com:dreamsweb/chef-nginx.git",
      "ref": "358cbb8235b9e755383c5c903024c89341c3d27f"
    },
    "rvm": {
      "locked_version": "0.9.1",
      "git": "https://github.com/fnichol/chef-rvm",
      "ref": "87f58d428c160337c1581ed1130a1a53d94e5126"
    },
    "postgresql": {
      "locked_version": "0.13.1",
      "git": "git@github.com:phlipper/chef-postgresql.git",
      "ref": "89670ad805393f6b4bb495c32a03115a66f6fe61"
    },
    "openssl": {
      "locked_version": "1.1.0"
    },
    "java": {
      "locked_version": "1.21.2"
    },
    "chef_gem": {
      "locked_version": "0.1.0"
    },
    "apt": {
      "locked_version": "2.3.8"
    }
  }
}
