DEPENDENCIES
  build-essential
    git: https://github.com/opscode-cookbooks/build-essential
    revision: 4d9f91c101588ab5292259fd06c1b50d935b7f73
  chef-basic-security
    git: git@github.com:dreamsweb/chef-basic_security.git
    revision: 76afc1b884a53f1f1dae45b0c8f1ef21135e5e63
  chef-newrelic
    git: git@github.com:dreamsweb/chef-newrelic.git
    revision: df24608ad577e445283f8fd0b42157b1a148e4df
  chef-nginx
    git: git@github.com:dreamsweb/chef-nginx.git
    revision: 2eb8b9134ef84ffa33fecbf3062d181c1b797c4d
  chef-redis
    git: git@github.com:dreamsweb/chef-redis.git
    revision: 8a643c09a043ae1edde95e612f3be3d90e9ed8a4
  chef-solo-search
    git: https://github.com/edelight/chef-solo-search
    revision: 4079db540b9b2b00fb383cba8c30f24c2c3bfbb4
  elasticsearch
    git: git@github.com:dreamsweb/elasticsearch.git
    revision: d52ade2696415a9ef084aee2be6fcfca46c7007c
  locale-gen
    git: git@github.com:danhart/locale-gen.git
    revision: 1eb11640f9733f39c7cf1ec86b778eb1f8748463
  memcached-tlq
    git: git@github.com:TalkingQuickly/memcached-tlq.git
    revision: 8ac6e2c68c32f79efcc4c19c7099b7db72ab158d
  mongo-tlq
    git: git@github.com:TalkingQuickly/mongo-tlq.git
    revision: 11736b711346d8d23f7f520d48a56b480e707e94
  openssl
  postgresql
    git: git@github.com:phlipper/chef-postgresql.git
    revision: fae090067b5aabf6b9805104772644008d4e431d
  rails_gem_dependencies
    git: git@github.com:dreamsweb/rails_gem_dependencies.git
    revision: 9f99c627296841f59468d0de25734bcb3cb42ac6
  ruby_build (~> 0.8.0)
  ruby_rbenv (~> 1.0.1)
  server-prerequisites
    git: git@github.com:dreamsweb/server-prerequisites.git
    revision: 954e97194572e2a1a2b3bf07e36369b269af903e
  sudo
    git: https://github.com/opscode-cookbooks/sudo.git
    revision: d2902b4d6ea6fe2cf175d1921f0cb96b84e089bd
  swap (~> 0.3.8)
  sysctl
  users (~> 2.0.3)

GRAPH
  apt (2.6.0)
  build-essential (2.0.1)
  chef-basic-security (0.0.1)
  chef-newrelic (0.0.3)
    apt (>= 0.0.0)
  chef-nginx (0.0.8)
  chef-redis (0.0.7)
  chef-solo-search (0.5.1)
  chef-sugar (2.4.1)
  compat_resource (12.10.7)
  elasticsearch (0.0.2)
    java (>= 0.0.0)
  java (1.29.0)
  locale-gen (0.0.1)
  memcached-tlq (0.0.2)
  mongo-tlq (0.0.3)
  ohai (4.2.0)
    compat_resource (>= 12.10)
  openssl (2.0.0)
    chef-sugar (>= 0.0.0)
  postgresql (0.13.3)
    apt (>= 1.9.0)
  rails_gem_dependencies (0.0.4)
    apt (>= 0.0.0)
  ruby_build (0.8.0)
  ruby_rbenv (1.0.1)
    java (> 1.4.0)
    ruby_build (>= 0.0.0)
  server-prerequisites (0.0.6)
  sudo (2.5.3)
  swap (0.3.8)
  sysctl (0.8.0)
    ohai (~> 4.0)
  users (2.0.3)
